
Microsoft Visual Studio Solution File, Format Version 12.00
# Visual Studio Version 16
VisualStudioVersion = 16.0.29709.97
MinimumVisualStudioVersion = 10.0.40219.1
Project("{FAE04EC0-301F-11D3-BF4B-00C04F79EFBC}") = "Card_Identifier", "Card_Identifier.csproj", "{1015747D-388A-483A-9CAC-D8E8CA3EF617}"
EndProject
Global
	GlobalSection(SolutionConfigurationPlatforms) = preSolution
		Debug|Any CPU = Debug|Any CPU
		Release|Any CPU = Release|Any CPU
	EndGlobalSection
	GlobalSection(ProjectConfigurationPlatforms) = postSolution
		{1015747D-388A-483A-9CAC-D8E8CA3EF617}.Debug|Any CPU.ActiveCfg = Debug|Any CPU
		{1015747D-388A-483A-9CAC-D8E8CA3EF617}.Debug|Any CPU.Build.0 = Debug|Any CPU
		{1015747D-388A-483A-9CAC-D8E8CA3EF617}.Release|Any CPU.ActiveCfg = Release|Any CPU
		{1015747D-388A-483A-9CAC-D8E8CA3EF617}.Release|Any CPU.Build.0 = Release|Any CPU
	EndGlobalSection
	GlobalSection(SolutionProperties) = preSolution
		HideSolutionNode = FALSE
	EndGlobalSection
	GlobalSection(ExtensibilityGlobals) = postSolution
		SolutionGuid = {8C2DD37C-E2DF-43AC-B41C-334043A1DE16}
	EndGlobalSection
EndGlobal
